
Microsoft Visual Studio Solution File, Format Version 12.00
# Visual Studio Version 16
VisualStudioVersion = 16.0.31507.150
MinimumVisualStudioVersion = 10.0.40219.1
Project("{FAE04EC0-301F-11D3-BF4B-00C04F79EFBC}") = "RestaurantRestApi", "RestaurantRestApi\RestaurantRestApi.csproj", "{9B3B14F7-8075-4B4C-9BE9-7E5125ADF59A}"
EndProject
Global
	GlobalSection(SolutionConfigurationPlatforms) = preSolution
		Debug|Any CPU = Debug|Any CPU
		Release|Any CPU = Release|Any CPU
	EndGlobalSection
	GlobalSection(ProjectConfigurationPlatforms) = postSolution
		{9B3B14F7-8075-4B4C-9BE9-7E5125ADF59A}.Debug|Any CPU.ActiveCfg = Debug|Any CPU
		{9B3B14F7-8075-4B4C-9BE9-7E5125ADF59A}.Debug|Any CPU.Build.0 = Debug|Any CPU
		{9B3B14F7-8075-4B4C-9BE9-7E5125ADF59A}.Release|Any CPU.ActiveCfg = Release|Any CPU
		{9B3B14F7-8075-4B4C-9BE9-7E5125ADF59A}.Release|Any CPU.Build.0 = Release|Any CPU
	EndGlobalSection
	GlobalSection(SolutionProperties) = preSolution
		HideSolutionNode = FALSE
	EndGlobalSection
	GlobalSection(ExtensibilityGlobals) = postSolution
		SolutionGuid = {134A6D84-BC52-4091-BE55-BD6074F045E8}
	EndGlobalSection
EndGlobal
